// !$*UTF8*$!
{
	archiveVersion = 1;
	classes = {
	};
	objectVersion = 51;
	objects = {

/* Begin PBXBuildFile section */
		1F866A9D2381312E00BAAC03 /* LoginViewController.swift in Sources */ = {isa = PBXBuildFile; fileRef = 1F866A9C2381312E00BAAC03 /* LoginViewController.swift */; };
		1F866A9F2381323600BAAC03 /* RegisterViewController.swift in Sources */ = {isa = PBXBuildFile; fileRef = 1F866A9E2381323600BAAC03 /* RegisterViewController.swift */; };
		1F86700D238B926400401C23 /* ChatsViewController.swift in Sources */ = {isa = PBXBuildFile; fileRef = 1F86700C238B926400401C23 /* ChatsViewController.swift */; };
		1F86700F238BAB7D00401C23 /* ChatCell.swift in Sources */ = {isa = PBXBuildFile; fileRef = 1F86700E238BAB7D00401C23 /* ChatCell.swift */; };
		3205C7E723738A7200A27729 /* FilterViewController.swift in Sources */ = {isa = PBXBuildFile; fileRef = 3205C7E623738A7100A27729 /* FilterViewController.swift */; };
		32219CED237737D500243E59 /* Util.swift in Sources */ = {isa = PBXBuildFile; fileRef = 32219CEC237737D500243E59 /* Util.swift */; };
		325A6A5A2356179F00FF2B08 /* AppDelegate.swift in Sources */ = {isa = PBXBuildFile; fileRef = 325A6A592356179F00FF2B08 /* AppDelegate.swift */; };
		325A6A612356179F00FF2B08 /* Main.storyboard in Resources */ = {isa = PBXBuildFile; fileRef = 325A6A5F2356179F00FF2B08 /* Main.storyboard */; };
		325A6A63235617A100FF2B08 /* Assets.xcassets in Resources */ = {isa = PBXBuildFile; fileRef = 325A6A62235617A100FF2B08 /* Assets.xcassets */; };
		325A6A66235617A100FF2B08 /* LaunchScreen.storyboard in Resources */ = {isa = PBXBuildFile; fileRef = 325A6A64235617A100FF2B08 /* LaunchScreen.storyboard */; };
		325A6A71235617A100FF2B08 /* ServiceRequestTests.swift in Sources */ = {isa = PBXBuildFile; fileRef = 325A6A70235617A100FF2B08 /* ServiceRequestTests.swift */; };
		325A6A7C235617A100FF2B08 /* ServiceRequestUITests.swift in Sources */ = {isa = PBXBuildFile; fileRef = 325A6A7B235617A100FF2B08 /* ServiceRequestUITests.swift */; };
		3269462B2381DE7B00D1F9C2 /* GoogleService-Info.plist in Resources */ = {isa = PBXBuildFile; fileRef = 3269462A2381DE7B00D1F9C2 /* GoogleService-Info.plist */; };
		328E0D71236B369500455038 /* RequestsViewController.swift in Sources */ = {isa = PBXBuildFile; fileRef = 328E0D70236B369500455038 /* RequestsViewController.swift */; };
		328E0D73236B3BE100455038 /* RequestCell.swift in Sources */ = {isa = PBXBuildFile; fileRef = 328E0D72236B3BE100455038 /* RequestCell.swift */; };
		328E0D76236B468D00455038 /* Request.swift in Sources */ = {isa = PBXBuildFile; fileRef = 328E0D75236B468C00455038 /* Request.swift */; };
		3299451923727E9500C315A3 /* Podfile in Resources */ = {isa = PBXBuildFile; fileRef = 3299451823727E9500C315A3 /* Podfile */; };
		32F876682372824700AF52D0 /* DatePickerDialog.swift in Sources */ = {isa = PBXBuildFile; fileRef = 32F876672372824700AF52D0 /* DatePickerDialog.swift */; };
		32FE57A7238D85C300A734DA /* ProfileViewController.swift in Sources */ = {isa = PBXBuildFile; fileRef = 32FE57A6238D85C300A734DA /* ProfileViewController.swift */; };
		32FE5832238D9E6E00A734DA /* RequestsPostedViewController.swift in Sources */ = {isa = PBXBuildFile; fileRef = 32FE582C238D9E6B00A734DA /* RequestsPostedViewController.swift */; };
		32FE5833238D9E6E00A734DA /* RequestPostedCell.swift in Sources */ = {isa = PBXBuildFile; fileRef = 32FE582D238D9E6C00A734DA /* RequestPostedCell.swift */; };
		32FE5834238D9E6E00A734DA /* PendingViewController.swift in Sources */ = {isa = PBXBuildFile; fileRef = 32FE582E238D9E6C00A734DA /* PendingViewController.swift */; };
		32FE5835238D9E6E00A734DA /* IncomingOfferCell.swift in Sources */ = {isa = PBXBuildFile; fileRef = 32FE582F238D9E6D00A734DA /* IncomingOfferCell.swift */; };
		32FE5836238D9E6E00A734DA /* OutgoingOfferCell.swift in Sources */ = {isa = PBXBuildFile; fileRef = 32FE5830238D9E6D00A734DA /* OutgoingOfferCell.swift */; };
		32FE5837238D9E6E00A734DA /* OffersViewController.swift in Sources */ = {isa = PBXBuildFile; fileRef = 32FE5831238D9E6D00A734DA /* OffersViewController.swift */; };
		32FF2A442370EBCE0028F14E /* PostViewController.swift in Sources */ = {isa = PBXBuildFile; fileRef = 32FF2A432370EBCE0028F14E /* PostViewController.swift */; };
		32FF2A46237100900028F14E /* Cloud.swift in Sources */ = {isa = PBXBuildFile; fileRef = 32FF2A45237100900028F14E /* Cloud.swift */; };
		32FF2A48237101770028F14E /* User.swift in Sources */ = {isa = PBXBuildFile; fileRef = 32FF2A47237101770028F14E /* User.swift */; };
		3D8B5157446C10015DF34B21 /* Pods_ServiceRequestUITests.framework in Frameworks */ = {isa = PBXBuildFile; fileRef = 0AEE2FA60E46C4C1CB0A0F9D /* Pods_ServiceRequestUITests.framework */; };
		90BDE42767B3BCA6C360A5B1 /* Pods_ServiceRequestTests.framework in Frameworks */ = {isa = PBXBuildFile; fileRef = 989BEF546E47A8FA58947859 /* Pods_ServiceRequestTests.framework */; };
		C2D972B82383A3390035F414 /* Offer.swift in Sources */ = {isa = PBXBuildFile; fileRef = C2D972B72383A3390035F414 /* Offer.swift */; };
		C2D972BA2383A7160035F414 /* Chat.swift in Sources */ = {isa = PBXBuildFile; fileRef = C2D972B92383A7160035F414 /* Chat.swift */; };
		C5417EF72468428274566FFB /* Pods_ServiceRequest.framework in Frameworks */ = {isa = PBXBuildFile; fileRef = C58DA9CF81AF15A320DB72D6 /* Pods_ServiceRequest.framework */; };
/* End PBXBuildFile section */

/* Begin PBXContainerItemProxy section */
		325A6A6D235617A100FF2B08 /* PBXContainerItemProxy */ = {
			isa = PBXContainerItemProxy;
			containerPortal = 325A6A4E2356179F00FF2B08 /* Project object */;
			proxyType = 1;
			remoteGlobalIDString = 325A6A552356179F00FF2B08;
			remoteInfo = ServiceRequest;
		};
		325A6A78235617A100FF2B08 /* PBXContainerItemProxy */ = {
			isa = PBXContainerItemProxy;
			containerPortal = 325A6A4E2356179F00FF2B08 /* Project object */;
			proxyType = 1;
			remoteGlobalIDString = 325A6A552356179F00FF2B08;
			remoteInfo = ServiceRequest;
		};
/* End PBXContainerItemProxy section */

/* Begin PBXFileReference section */
		0AEE2FA60E46C4C1CB0A0F9D /* Pods_ServiceRequestUITests.framework */ = {isa = PBXFileReference; explicitFileType = wrapper.framework; includeInIndex = 0; path = Pods_ServiceRequestUITests.framework; sourceTree = BUILT_PRODUCTS_DIR; };
		1F866A9C2381312E00BAAC03 /* LoginViewController.swift */ = {isa = PBXFileReference; lastKnownFileType = sourcecode.swift; path = LoginViewController.swift; sourceTree = "<group>"; };
		1F866A9E2381323600BAAC03 /* RegisterViewController.swift */ = {isa = PBXFileReference; lastKnownFileType = sourcecode.swift; path = RegisterViewController.swift; sourceTree = "<group>"; };
		1F86700C238B926400401C23 /* ChatsViewController.swift */ = {isa = PBXFileReference; lastKnownFileType = sourcecode.swift; path = ChatsViewController.swift; sourceTree = "<group>"; };
		1F86700E238BAB7D00401C23 /* ChatCell.swift */ = {isa = PBXFileReference; lastKnownFileType = sourcecode.swift; path = ChatCell.swift; sourceTree = "<group>"; };
		286CC389CFEDAC8C17AA610B /* Pods-ServiceRequestTests.release.xcconfig */ = {isa = PBXFileReference; includeInIndex = 1; lastKnownFileType = text.xcconfig; name = "Pods-ServiceRequestTests.release.xcconfig"; path = "Pods/Target Support Files/Pods-ServiceRequestTests/Pods-ServiceRequestTests.release.xcconfig"; sourceTree = "<group>"; };
		296AE2B4E44CBF5B180B0864 /* Pods-ServiceRequestTests.debug.xcconfig */ = {isa = PBXFileReference; includeInIndex = 1; lastKnownFileType = text.xcconfig; name = "Pods-ServiceRequestTests.debug.xcconfig"; path = "Pods/Target Support Files/Pods-ServiceRequestTests/Pods-ServiceRequestTests.debug.xcconfig"; sourceTree = "<group>"; };
		3205C7E623738A7100A27729 /* FilterViewController.swift */ = {isa = PBXFileReference; lastKnownFileType = sourcecode.swift; path = FilterViewController.swift; sourceTree = "<group>"; };
		32219CEC237737D500243E59 /* Util.swift */ = {isa = PBXFileReference; lastKnownFileType = sourcecode.swift; path = Util.swift; sourceTree = "<group>"; };
		325A6A562356179F00FF2B08 /* Service Request.app */ = {isa = PBXFileReference; explicitFileType = wrapper.application; includeInIndex = 0; path = "Service Request.app"; sourceTree = BUILT_PRODUCTS_DIR; };
		325A6A592356179F00FF2B08 /* AppDelegate.swift */ = {isa = PBXFileReference; lastKnownFileType = sourcecode.swift; path = AppDelegate.swift; sourceTree = "<group>"; };
		325A6A602356179F00FF2B08 /* Base */ = {isa = PBXFileReference; lastKnownFileType = file.storyboard; name = Base; path = Base.lproj/Main.storyboard; sourceTree = "<group>"; };
		325A6A62235617A100FF2B08 /* Assets.xcassets */ = {isa = PBXFileReference; lastKnownFileType = folder.assetcatalog; path = Assets.xcassets; sourceTree = "<group>"; };
		325A6A65235617A100FF2B08 /* Base */ = {isa = PBXFileReference; lastKnownFileType = file.storyboard; name = Base; path = Base.lproj/LaunchScreen.storyboard; sourceTree = "<group>"; };
		325A6A67235617A100FF2B08 /* Info.plist */ = {isa = PBXFileReference; lastKnownFileType = text.plist.xml; path = Info.plist; sourceTree = "<group>"; };
		325A6A6C235617A100FF2B08 /* ServiceRequestTests.xctest */ = {isa = PBXFileReference; explicitFileType = wrapper.cfbundle; includeInIndex = 0; path = ServiceRequestTests.xctest; sourceTree = BUILT_PRODUCTS_DIR; };
		325A6A70235617A100FF2B08 /* ServiceRequestTests.swift */ = {isa = PBXFileReference; lastKnownFileType = sourcecode.swift; path = ServiceRequestTests.swift; sourceTree = "<group>"; };
		325A6A72235617A100FF2B08 /* Info.plist */ = {isa = PBXFileReference; lastKnownFileType = text.plist.xml; path = Info.plist; sourceTree = "<group>"; };
		325A6A77235617A100FF2B08 /* ServiceRequestUITests.xctest */ = {isa = PBXFileReference; explicitFileType = wrapper.cfbundle; includeInIndex = 0; path = ServiceRequestUITests.xctest; sourceTree = BUILT_PRODUCTS_DIR; };
		325A6A7B235617A100FF2B08 /* ServiceRequestUITests.swift */ = {isa = PBXFileReference; lastKnownFileType = sourcecode.swift; path = ServiceRequestUITests.swift; sourceTree = "<group>"; };
		325A6A7D235617A100FF2B08 /* Info.plist */ = {isa = PBXFileReference; lastKnownFileType = text.plist.xml; path = Info.plist; sourceTree = "<group>"; };
		3269462A2381DE7B00D1F9C2 /* GoogleService-Info.plist */ = {isa = PBXFileReference; fileEncoding = 4; lastKnownFileType = text.plist.xml; path = "GoogleService-Info.plist"; sourceTree = "<group>"; };
		328E0D70236B369500455038 /* RequestsViewController.swift */ = {isa = PBXFileReference; lastKnownFileType = sourcecode.swift; path = RequestsViewController.swift; sourceTree = "<group>"; };
		328E0D72236B3BE100455038 /* RequestCell.swift */ = {isa = PBXFileReference; lastKnownFileType = sourcecode.swift; path = RequestCell.swift; sourceTree = "<group>"; };
		328E0D75236B468C00455038 /* Request.swift */ = {isa = PBXFileReference; lastKnownFileType = sourcecode.swift; path = Request.swift; sourceTree = "<group>"; };
		3299451823727E9500C315A3 /* Podfile */ = {isa = PBXFileReference; fileEncoding = 4; lastKnownFileType = text; path = Podfile; sourceTree = "<group>"; xcLanguageSpecificationIdentifier = xcode.lang.ruby; };
		32F876672372824700AF52D0 /* DatePickerDialog.swift */ = {isa = PBXFileReference; fileEncoding = 4; lastKnownFileType = sourcecode.swift; path = DatePickerDialog.swift; sourceTree = "<group>"; };
		32FE57A6238D85C300A734DA /* ProfileViewController.swift */ = {isa = PBXFileReference; fileEncoding = 4; lastKnownFileType = sourcecode.swift; path = ProfileViewController.swift; sourceTree = "<group>"; };
		32FE582C238D9E6B00A734DA /* RequestsPostedViewController.swift */ = {isa = PBXFileReference; fileEncoding = 4; lastKnownFileType = sourcecode.swift; path = RequestsPostedViewController.swift; sourceTree = "<group>"; };
		32FE582D238D9E6C00A734DA /* RequestPostedCell.swift */ = {isa = PBXFileReference; fileEncoding = 4; lastKnownFileType = sourcecode.swift; path = RequestPostedCell.swift; sourceTree = "<group>"; };
		32FE582E238D9E6C00A734DA /* PendingViewController.swift */ = {isa = PBXFileReference; fileEncoding = 4; lastKnownFileType = sourcecode.swift; path = PendingViewController.swift; sourceTree = "<group>"; };
		32FE582F238D9E6D00A734DA /* IncomingOfferCell.swift */ = {isa = PBXFileReference; fileEncoding = 4; lastKnownFileType = sourcecode.swift; path = IncomingOfferCell.swift; sourceTree = "<group>"; };
		32FE5830238D9E6D00A734DA /* OutgoingOfferCell.swift */ = {isa = PBXFileReference; fileEncoding = 4; lastKnownFileType = sourcecode.swift; path = OutgoingOfferCell.swift; sourceTree = "<group>"; };
		32FE5831238D9E6D00A734DA /* OffersViewController.swift */ = {isa = PBXFileReference; fileEncoding = 4; lastKnownFileType = sourcecode.swift; path = OffersViewController.swift; sourceTree = "<group>"; };
		32FF2A432370EBCE0028F14E /* PostViewController.swift */ = {isa = PBXFileReference; lastKnownFileType = sourcecode.swift; path = PostViewController.swift; sourceTree = "<group>"; };
		32FF2A45237100900028F14E /* Cloud.swift */ = {isa = PBXFileReference; lastKnownFileType = sourcecode.swift; path = Cloud.swift; sourceTree = "<group>"; };
		32FF2A47237101770028F14E /* User.swift */ = {isa = PBXFileReference; lastKnownFileType = sourcecode.swift; path = User.swift; sourceTree = "<group>"; };
		5030FBE00E1142DBC8B020CE /* Pods-ServiceRequest.release.xcconfig */ = {isa = PBXFileReference; includeInIndex = 1; lastKnownFileType = text.xcconfig; name = "Pods-ServiceRequest.release.xcconfig"; path = "Pods/Target Support Files/Pods-ServiceRequest/Pods-ServiceRequest.release.xcconfig"; sourceTree = "<group>"; };
		989BEF546E47A8FA58947859 /* Pods_ServiceRequestTests.framework */ = {isa = PBXFileReference; explicitFileType = wrapper.framework; includeInIndex = 0; path = Pods_ServiceRequestTests.framework; sourceTree = BUILT_PRODUCTS_DIR; };
		98D210C0CE1C12122074EFF6 /* Pods-ServiceRequestUITests.release.xcconfig */ = {isa = PBXFileReference; includeInIndex = 1; lastKnownFileType = text.xcconfig; name = "Pods-ServiceRequestUITests.release.xcconfig"; path = "Pods/Target Support Files/Pods-ServiceRequestUITests/Pods-ServiceRequestUITests.release.xcconfig"; sourceTree = "<group>"; };
		AFDD17DD5665E05A0E14885A /* Pods-ServiceRequestUITests.debug.xcconfig */ = {isa = PBXFileReference; includeInIndex = 1; lastKnownFileType = text.xcconfig; name = "Pods-ServiceRequestUITests.debug.xcconfig"; path = "Pods/Target Support Files/Pods-ServiceRequestUITests/Pods-ServiceRequestUITests.debug.xcconfig"; sourceTree = "<group>"; };
		C2D972B72383A3390035F414 /* Offer.swift */ = {isa = PBXFileReference; lastKnownFileType = sourcecode.swift; path = Offer.swift; sourceTree = "<group>"; };
		C2D972B92383A7160035F414 /* Chat.swift */ = {isa = PBXFileReference; lastKnownFileType = sourcecode.swift; path = Chat.swift; sourceTree = "<group>"; };
		C58DA9CF81AF15A320DB72D6 /* Pods_ServiceRequest.framework */ = {isa = PBXFileReference; explicitFileType = wrapper.framework; includeInIndex = 0; path = Pods_ServiceRequest.framework; sourceTree = BUILT_PRODUCTS_DIR; };
		C6725CFF19C01F35EFC7CD5E /* Pods-ServiceRequest.debug.xcconfig */ = {isa = PBXFileReference; includeInIndex = 1; lastKnownFileType = text.xcconfig; name = "Pods-ServiceRequest.debug.xcconfig"; path = "Pods/Target Support Files/Pods-ServiceRequest/Pods-ServiceRequest.debug.xcconfig"; sourceTree = "<group>"; };
/* End PBXFileReference section */

/* Begin PBXFrameworksBuildPhase section */
		325A6A532356179F00FF2B08 /* Frameworks */ = {
			isa = PBXFrameworksBuildPhase;
			buildActionMask = 2147483647;
			files = (
				C5417EF72468428274566FFB /* Pods_ServiceRequest.framework in Frameworks */,
			);
			runOnlyForDeploymentPostprocessing = 0;
		};
		325A6A69235617A100FF2B08 /* Frameworks */ = {
			isa = PBXFrameworksBuildPhase;
			buildActionMask = 2147483647;
			files = (
				90BDE42767B3BCA6C360A5B1 /* Pods_ServiceRequestTests.framework in Frameworks */,
			);
			runOnlyForDeploymentPostprocessing = 0;
		};
		325A6A74235617A100FF2B08 /* Frameworks */ = {
			isa = PBXFrameworksBuildPhase;
			buildActionMask = 2147483647;
			files = (
				3D8B5157446C10015DF34B21 /* Pods_ServiceRequestUITests.framework in Frameworks */,
			);
			runOnlyForDeploymentPostprocessing = 0;
		};
/* End PBXFrameworksBuildPhase section */

/* Begin PBXGroup section */
		3246F344237734770095DEAE /* Util */ = {
			isa = PBXGroup;
			children = (
				32219CEC237737D500243E59 /* Util.swift */,
				32F876672372824700AF52D0 /* DatePickerDialog.swift */,
			);
			path = Util;
			sourceTree = "<group>";
		};
		325A6A4D2356179F00FF2B08 = {
			isa = PBXGroup;
			children = (
				3299451823727E9500C315A3 /* Podfile */,
				325A6A582356179F00FF2B08 /* ServiceRequest */,
				325A6A6F235617A100FF2B08 /* ServiceRequestTests */,
				325A6A7A235617A100FF2B08 /* ServiceRequestUITests */,
				325A6A572356179F00FF2B08 /* Products */,
				418357922F46690ECD422A23 /* Pods */,
				6B7CE603E201018BBC7D358E /* Frameworks */,
			);
			sourceTree = "<group>";
		};
		325A6A572356179F00FF2B08 /* Products */ = {
			isa = PBXGroup;
			children = (
				325A6A562356179F00FF2B08 /* Service Request.app */,
				325A6A6C235617A100FF2B08 /* ServiceRequestTests.xctest */,
				325A6A77235617A100FF2B08 /* ServiceRequestUITests.xctest */,
			);
			name = Products;
			sourceTree = "<group>";
		};
		325A6A582356179F00FF2B08 /* ServiceRequest */ = {
			isa = PBXGroup;
			children = (
				325A6A592356179F00FF2B08 /* AppDelegate.swift */,
				328E0D74236B466D00455038 /* Model */,
				328E0D70236B369500455038 /* RequestsViewController.swift */,
				328E0D72236B3BE100455038 /* RequestCell.swift */,
				3205C7E623738A7100A27729 /* FilterViewController.swift */,
				32FF2A432370EBCE0028F14E /* PostViewController.swift */,
				32FE582E238D9E6C00A734DA /* PendingViewController.swift */,
				32FE582C238D9E6B00A734DA /* RequestsPostedViewController.swift */,
				32FE582D238D9E6C00A734DA /* RequestPostedCell.swift */,
				32FE5831238D9E6D00A734DA /* OffersViewController.swift */,
				32FE582F238D9E6D00A734DA /* IncomingOfferCell.swift */,
				32FE5830238D9E6D00A734DA /* OutgoingOfferCell.swift */,
				1F86700C238B926400401C23 /* ChatsViewController.swift */,
				1F86700E238BAB7D00401C23 /* ChatCell.swift */,
				32FE57A6238D85C300A734DA /* ProfileViewController.swift */,
				1F866A9C2381312E00BAAC03 /* LoginViewController.swift */,
				1F866A9E2381323600BAAC03 /* RegisterViewController.swift */,
				325A6A5F2356179F00FF2B08 /* Main.storyboard */,
				325A6A64235617A100FF2B08 /* LaunchScreen.storyboard */,
				3246F344237734770095DEAE /* Util */,
				325A6A62235617A100FF2B08 /* Assets.xcassets */,
				325A6A67235617A100FF2B08 /* Info.plist */,
				3269462A2381DE7B00D1F9C2 /* GoogleService-Info.plist */,
			);
			path = ServiceRequest;
			sourceTree = "<group>";
		};
		325A6A6F235617A100FF2B08 /* ServiceRequestTests */ = {
			isa = PBXGroup;
			children = (
				325A6A70235617A100FF2B08 /* ServiceRequestTests.swift */,
				325A6A72235617A100FF2B08 /* Info.plist */,
			);
			path = ServiceRequestTests;
			sourceTree = "<group>";
		};
		325A6A7A235617A100FF2B08 /* ServiceRequestUITests */ = {
			isa = PBXGroup;
			children = (
				325A6A7B235617A100FF2B08 /* ServiceRequestUITests.swift */,
				325A6A7D235617A100FF2B08 /* Info.plist */,
			);
			path = ServiceRequestUITests;
			sourceTree = "<group>";
		};
		328E0D74236B466D00455038 /* Model */ = {
			isa = PBXGroup;
			children = (
				32FF2A45237100900028F14E /* Cloud.swift */,
				32FF2A47237101770028F14E /* User.swift */,
				328E0D75236B468C00455038 /* Request.swift */,
				C2D972B72383A3390035F414 /* Offer.swift */,
				C2D972B92383A7160035F414 /* Chat.swift */,
			);
			path = Model;
			sourceTree = "<group>";
		};
		418357922F46690ECD422A23 /* Pods */ = {
			isa = PBXGroup;
			children = (
				C6725CFF19C01F35EFC7CD5E /* Pods-ServiceRequest.debug.xcconfig */,
				5030FBE00E1142DBC8B020CE /* Pods-ServiceRequest.release.xcconfig */,
				296AE2B4E44CBF5B180B0864 /* Pods-ServiceRequestTests.debug.xcconfig */,
				286CC389CFEDAC8C17AA610B /* Pods-ServiceRequestTests.release.xcconfig */,
				AFDD17DD5665E05A0E14885A /* Pods-ServiceRequestUITests.debug.xcconfig */,
				98D210C0CE1C12122074EFF6 /* Pods-ServiceRequestUITests.release.xcconfig */,
			);
			name = Pods;
			sourceTree = "<group>";
		};
		6B7CE603E201018BBC7D358E /* Frameworks */ = {
			isa = PBXGroup;
			children = (
				C58DA9CF81AF15A320DB72D6 /* Pods_ServiceRequest.framework */,
				989BEF546E47A8FA58947859 /* Pods_ServiceRequestTests.framework */,
				0AEE2FA60E46C4C1CB0A0F9D /* Pods_ServiceRequestUITests.framework */,
			);
			name = Frameworks;
			sourceTree = "<group>";
		};
/* End PBXGroup section */

/* Begin PBXNativeTarget section */
		325A6A552356179F00FF2B08 /* ServiceRequest */ = {
			isa = PBXNativeTarget;
			buildConfigurationList = 325A6A80235617A100FF2B08 /* Build configuration list for PBXNativeTarget "ServiceRequest" */;
			buildPhases = (
				F8C31BB27A616613C10B0492 /* [CP] Check Pods Manifest.lock */,
				325A6A522356179F00FF2B08 /* Sources */,
				325A6A532356179F00FF2B08 /* Frameworks */,
				325A6A542356179F00FF2B08 /* Resources */,
				39B630868DA819099E72CCE2 /* [CP] Embed Pods Frameworks */,
			);
			buildRules = (
			);
			dependencies = (
			);
			name = ServiceRequest;
			productName = ServiceRequest;
			productReference = 325A6A562356179F00FF2B08 /* Service Request.app */;
			productType = "com.apple.product-type.application";
		};
		325A6A6B235617A100FF2B08 /* ServiceRequestTests */ = {
			isa = PBXNativeTarget;
			buildConfigurationList = 325A6A83235617A100FF2B08 /* Build configuration list for PBXNativeTarget "ServiceRequestTests" */;
			buildPhases = (
				A0AB043D4B6196E5F711CCEB /* [CP] Check Pods Manifest.lock */,
				325A6A68235617A100FF2B08 /* Sources */,
				325A6A69235617A100FF2B08 /* Frameworks */,
				325A6A6A235617A100FF2B08 /* Resources */,
			);
			buildRules = (
			);
			dependencies = (
				325A6A6E235617A100FF2B08 /* PBXTargetDependency */,
			);
			name = ServiceRequestTests;
			productName = ServiceRequestTests;
			productReference = 325A6A6C235617A100FF2B08 /* ServiceRequestTests.xctest */;
			productType = "com.apple.product-type.bundle.unit-test";
		};
		325A6A76235617A100FF2B08 /* ServiceRequestUITests */ = {
			isa = PBXNativeTarget;
			buildConfigurationList = 325A6A86235617A100FF2B08 /* Build configuration list for PBXNativeTarget "ServiceRequestUITests" */;
			buildPhases = (
				C76B585E05D7C02279237B5A /* [CP] Check Pods Manifest.lock */,
				325A6A73235617A100FF2B08 /* Sources */,
				325A6A74235617A100FF2B08 /* Frameworks */,
				325A6A75235617A100FF2B08 /* Resources */,
			);
			buildRules = (
			);
			dependencies = (
				325A6A79235617A100FF2B08 /* PBXTargetDependency */,
			);
			name = ServiceRequestUITests;
			productName = ServiceRequestUITests;
			productReference = 325A6A77235617A100FF2B08 /* ServiceRequestUITests.xctest */;
			productType = "com.apple.product-type.bundle.ui-testing";
		};
/* End PBXNativeTarget section */

/* Begin PBXProject section */
		325A6A4E2356179F00FF2B08 /* Project object */ = {
			isa = PBXProject;
			attributes = {
				LastSwiftUpdateCheck = 1030;
				LastUpgradeCheck = 1030;
				TargetAttributes = {
					325A6A552356179F00FF2B08 = {
						CreatedOnToolsVersion = 10.3;
					};
					325A6A6B235617A100FF2B08 = {
						CreatedOnToolsVersion = 10.3;
						TestTargetID = 325A6A552356179F00FF2B08;
					};
					325A6A76235617A100FF2B08 = {
						CreatedOnToolsVersion = 10.3;
						TestTargetID = 325A6A552356179F00FF2B08;
					};
				};
			};
			buildConfigurationList = 325A6A512356179F00FF2B08 /* Build configuration list for PBXProject "ServiceRequest" */;
			compatibilityVersion = "Xcode 9.3";
			developmentRegion = en;
			hasScannedForEncodings = 0;
			knownRegions = (
				en,
				Base,
			);
			mainGroup = 325A6A4D2356179F00FF2B08;
			productRefGroup = 325A6A572356179F00FF2B08 /* Products */;
			projectDirPath = "";
			projectRoot = "";
			targets = (
				325A6A552356179F00FF2B08 /* ServiceRequest */,
				325A6A6B235617A100FF2B08 /* ServiceRequestTests */,
				325A6A76235617A100FF2B08 /* ServiceRequestUITests */,
			);
		};
/* End PBXProject section */

/* Begin PBXResourcesBuildPhase section */
		325A6A542356179F00FF2B08 /* Resources */ = {
			isa = PBXResourcesBuildPhase;
			buildActionMask = 2147483647;
			files = (
				3299451923727E9500C315A3 /* Podfile in Resources */,
				325A6A66235617A100FF2B08 /* LaunchScreen.storyboard in Resources */,
				3269462B2381DE7B00D1F9C2 /* GoogleService-Info.plist in Resources */,
				325A6A63235617A100FF2B08 /* Assets.xcassets in Resources */,
				325A6A612356179F00FF2B08 /* Main.storyboard in Resources */,
			);
			runOnlyForDeploymentPostprocessing = 0;
		};
		325A6A6A235617A100FF2B08 /* Resources */ = {
			isa = PBXResourcesBuildPhase;
			buildActionMask = 2147483647;
			files = (
			);
			runOnlyForDeploymentPostprocessing = 0;
		};
		325A6A75235617A100FF2B08 /* Resources */ = {
			isa = PBXResourcesBuildPhase;
			buildActionMask = 2147483647;
			files = (
			);
			runOnlyForDeploymentPostprocessing = 0;
		};
/* End PBXResourcesBuildPhase section */

/* Begin PBXShellScriptBuildPhase section */
		39B630868DA819099E72CCE2 /* [CP] Embed Pods Frameworks */ = {
			isa = PBXShellScriptBuildPhase;
			buildActionMask = 2147483647;
			files = (
			);
			inputFileListPaths = (
				"${PODS_ROOT}/Target Support Files/Pods-ServiceRequest/Pods-ServiceRequest-frameworks-${CONFIGURATION}-input-files.xcfilelist",
			);
			name = "[CP] Embed Pods Frameworks";
			outputFileListPaths = (
				"${PODS_ROOT}/Target Support Files/Pods-ServiceRequest/Pods-ServiceRequest-frameworks-${CONFIGURATION}-output-files.xcfilelist",
			);
			runOnlyForDeploymentPostprocessing = 0;
			shellPath = /bin/sh;
			shellScript = "\"${PODS_ROOT}/Target Support Files/Pods-ServiceRequest/Pods-ServiceRequest-frameworks.sh\"\n";
			showEnvVarsInLog = 0;
		};
		A0AB043D4B6196E5F711CCEB /* [CP] Check Pods Manifest.lock */ = {
			isa = PBXShellScriptBuildPhase;
			buildActionMask = 2147483647;
			files = (
			);
			inputPaths = (
				"${PODS_PODFILE_DIR_PATH}/Podfile.lock",
				"${PODS_ROOT}/Manifest.lock",
			);
			name = "[CP] Check Pods Manifest.lock";
			outputPaths = (
				"$(DERIVED_FILE_DIR)/Pods-ServiceRequestTests-checkManifestLockResult.txt",
			);
			runOnlyForDeploymentPostprocessing = 0;
			shellPath = /bin/sh;
			shellScript = "diff \"${PODS_PODFILE_DIR_PATH}/Podfile.lock\" \"${PODS_ROOT}/Manifest.lock\" > /dev/null\nif [ $? != 0 ] ; then\n    # print error to STDERR\n    echo \"error: The sandbox is not in sync with the Podfile.lock. Run 'pod install' or update your CocoaPods installation.\" >&2\n    exit 1\nfi\n# This output is used by Xcode 'outputs' to avoid re-running this script phase.\necho \"SUCCESS\" > \"${SCRIPT_OUTPUT_FILE_0}\"\n";
			showEnvVarsInLog = 0;
		};
		C76B585E05D7C02279237B5A /* [CP] Check Pods Manifest.lock */ = {
			isa = PBXShellScriptBuildPhase;
			buildActionMask = 2147483647;
			files = (
			);
			inputPaths = (
				"${PODS_PODFILE_DIR_PATH}/Podfile.lock",
				"${PODS_ROOT}/Manifest.lock",
			);
			name = "[CP] Check Pods Manifest.lock";
			outputPaths = (
				"$(DERIVED_FILE_DIR)/Pods-ServiceRequestUITests-checkManifestLockResult.txt",
			);
			runOnlyForDeploymentPostprocessing = 0;
			shellPath = /bin/sh;
			shellScript = "diff \"${PODS_PODFILE_DIR_PATH}/Podfile.lock\" \"${PODS_ROOT}/Manifest.lock\" > /dev/null\nif [ $? != 0 ] ; then\n    # print error to STDERR\n    echo \"error: The sandbox is not in sync with the Podfile.lock. Run 'pod install' or update your CocoaPods installation.\" >&2\n    exit 1\nfi\n# This output is used by Xcode 'outputs' to avoid re-running this script phase.\necho \"SUCCESS\" > \"${SCRIPT_OUTPUT_FILE_0}\"\n";
			showEnvVarsInLog = 0;
		};
		F8C31BB27A616613C10B0492 /* [CP] Check Pods Manifest.lock */ = {
			isa = PBXShellScriptBuildPhase;
			buildActionMask = 2147483647;
			files = (
			);
			inputPaths = (
				"${PODS_PODFILE_DIR_PATH}/Podfile.lock",
				"${PODS_ROOT}/Manifest.lock",
			);
			name = "[CP] Check Pods Manifest.lock";
			outputPaths = (
				"$(DERIVED_FILE_DIR)/Pods-ServiceRequest-checkManifestLockResult.txt",
			);
			runOnlyForDeploymentPostprocessing = 0;
			shellPath = /bin/sh;
			shellScript = "diff \"${PODS_PODFILE_DIR_PATH}/Podfile.lock\" \"${PODS_ROOT}/Manifest.lock\" > /dev/null\nif [ $? != 0 ] ; then\n    # print error to STDERR\n    echo \"error: The sandbox is not in sync with the Podfile.lock. Run 'pod install' or update your CocoaPods installation.\" >&2\n    exit 1\nfi\n# This output is used by Xcode 'outputs' to avoid re-running this script phase.\necho \"SUCCESS\" > \"${SCRIPT_OUTPUT_FILE_0}\"\n";
			showEnvVarsInLog = 0;
		};
/* End PBXShellScriptBuildPhase section */

/* Begin PBXSourcesBuildPhase section */
		325A6A522356179F00FF2B08 /* Sources */ = {
			isa = PBXSourcesBuildPhase;
			buildActionMask = 2147483647;
			files = (
				C2D972B82383A3390035F414 /* Offer.swift in Sources */,
				1F866A9D2381312E00BAAC03 /* LoginViewController.swift in Sources */,
				32FF2A442370EBCE0028F14E /* PostViewController.swift in Sources */,
				1F86700F238BAB7D00401C23 /* ChatCell.swift in Sources */,
				32F876682372824700AF52D0 /* DatePickerDialog.swift in Sources */,
				32FE5832238D9E6E00A734DA /* RequestsPostedViewController.swift in Sources */,
				32FE57A7238D85C300A734DA /* ProfileViewController.swift in Sources */,
				328E0D73236B3BE100455038 /* RequestCell.swift in Sources */,
				1F86700D238B926400401C23 /* ChatsViewController.swift in Sources */,
				3205C7E723738A7200A27729 /* FilterViewController.swift in Sources */,
				32FE5834238D9E6E00A734DA /* PendingViewController.swift in Sources */,
				328E0D76236B468D00455038 /* Request.swift in Sources */,
				32219CED237737D500243E59 /* Util.swift in Sources */,
				32FF2A48237101770028F14E /* User.swift in Sources */,
				32FE5833238D9E6E00A734DA /* RequestPostedCell.swift in Sources */,
				32FE5837238D9E6E00A734DA /* OffersViewController.swift in Sources */,
				32FF2A46237100900028F14E /* Cloud.swift in Sources */,
				1F866A9F2381323600BAAC03 /* RegisterViewController.swift in Sources */,
				32FE5835238D9E6E00A734DA /* IncomingOfferCell.swift in Sources */,
				328E0D71236B369500455038 /* RequestsViewController.swift in Sources */,
				C2D972BA2383A7160035F414 /* Chat.swift in Sources */,
				32FE5836238D9E6E00A734DA /* OutgoingOfferCell.swift in Sources */,
				325A6A5A2356179F00FF2B08 /* AppDelegate.swift in Sources */,
			);
			runOnlyForDeploymentPostprocessing = 0;
		};
		325A6A68235617A100FF2B08 /* Sources */ = {
			isa = PBXSourcesBuildPhase;
			buildActionMask = 2147483647;
			files = (
				325A6A71235617A100FF2B08 /* ServiceRequestTests.swift in Sources */,
			);
			runOnlyForDeploymentPostprocessing = 0;
		};
		325A6A73235617A100FF2B08 /* Sources */ = {
			isa = PBXSourcesBuildPhase;
			buildActionMask = 2147483647;
			files = (
				325A6A7C235617A100FF2B08 /* ServiceRequestUITests.swift in Sources */,
			);
			runOnlyForDeploymentPostprocessing = 0;
		};
/* End PBXSourcesBuildPhase section */

/* Begin PBXTargetDependency section */
		325A6A6E235617A100FF2B08 /* PBXTargetDependency */ = {
			isa = PBXTargetDependency;
			target = 325A6A552356179F00FF2B08 /* ServiceRequest */;
			targetProxy = 325A6A6D235617A100FF2B08 /* PBXContainerItemProxy */;
		};
		325A6A79235617A100FF2B08 /* PBXTargetDependency */ = {
			isa = PBXTargetDependency;
			target = 325A6A552356179F00FF2B08 /* ServiceRequest */;
			targetProxy = 325A6A78235617A100FF2B08 /* PBXContainerItemProxy */;
		};
/* End PBXTargetDependency section */

/* Begin PBXVariantGroup section */
		325A6A5F2356179F00FF2B08 /* Main.storyboard */ = {
			isa = PBXVariantGroup;
			children = (
				325A6A602356179F00FF2B08 /* Base */,
			);
			name = Main.storyboard;
			sourceTree = "<group>";
		};
		325A6A64235617A100FF2B08 /* LaunchScreen.storyboard */ = {
			isa = PBXVariantGroup;
			children = (
				325A6A65235617A100FF2B08 /* Base */,
			);
			name = LaunchScreen.storyboard;
			sourceTree = "<group>";
		};
/* End PBXVariantGroup section */

/* Begin XCBuildConfiguration section */
		325A6A7E235617A100FF2B08 /* Debug */ = {
			isa = XCBuildConfiguration;
			buildSettings = {
				ALWAYS_SEARCH_USER_PATHS = NO;
				CLANG_ANALYZER_NONNULL = YES;
				CLANG_ANALYZER_NUMBER_OBJECT_CONVERSION = YES_AGGRESSIVE;
				CLANG_CXX_LANGUAGE_STANDARD = "gnu++14";
				CLANG_CXX_LIBRARY = "libc++";
				CLANG_ENABLE_MODULES = YES;
				CLANG_ENABLE_OBJC_ARC = YES;
				CLANG_ENABLE_OBJC_WEAK = YES;
				CLANG_WARN_BLOCK_CAPTURE_AUTORELEASING = YES;
				CLANG_WARN_BOOL_CONVERSION = YES;
				CLANG_WARN_COMMA = YES;
				CLANG_WARN_CONSTANT_CONVERSION = YES;
				CLANG_WARN_DEPRECATED_OBJC_IMPLEMENTATIONS = YES;
				CLANG_WARN_DIRECT_OBJC_ISA_USAGE = YES_ERROR;
				CLANG_WARN_DOCUMENTATION_COMMENTS = YES;
				CLANG_WARN_EMPTY_BODY = YES;
				CLANG_WARN_ENUM_CONVERSION = YES;
				CLANG_WARN_INFINITE_RECURSION = YES;
				CLANG_WARN_INT_CONVERSION = YES;
				CLANG_WARN_NON_LITERAL_NULL_CONVERSION = YES;
				CLANG_WARN_OBJC_IMPLICIT_RETAIN_SELF = YES;
				CLANG_WARN_OBJC_LITERAL_CONVERSION = YES;
				CLANG_WARN_OBJC_ROOT_CLASS = YES_ERROR;
				CLANG_WARN_RANGE_LOOP_ANALYSIS = YES;
				CLANG_WARN_STRICT_PROTOTYPES = YES;
				CLANG_WARN_SUSPICIOUS_MOVE = YES;
				CLANG_WARN_UNGUARDED_AVAILABILITY = YES_AGGRESSIVE;
				CLANG_WARN_UNREACHABLE_CODE = YES;
				CLANG_WARN__DUPLICATE_METHOD_MATCH = YES;
				CODE_SIGN_IDENTITY = "iPhone Developer";
				COPY_PHASE_STRIP = NO;
				DEBUG_INFORMATION_FORMAT = dwarf;
				ENABLE_STRICT_OBJC_MSGSEND = YES;
				ENABLE_TESTABILITY = YES;
				GCC_C_LANGUAGE_STANDARD = gnu11;
				GCC_DYNAMIC_NO_PIC = NO;
				GCC_NO_COMMON_BLOCKS = YES;
				GCC_OPTIMIZATION_LEVEL = 0;
				GCC_PREPROCESSOR_DEFINITIONS = (
					"DEBUG=1",
					"$(inherited)",
				);
				GCC_WARN_64_TO_32_BIT_CONVERSION = YES;
				GCC_WARN_ABOUT_RETURN_TYPE = YES_ERROR;
				GCC_WARN_UNDECLARED_SELECTOR = YES;
				GCC_WARN_UNINITIALIZED_AUTOS = YES_AGGRESSIVE;
				GCC_WARN_UNUSED_FUNCTION = YES;
				GCC_WARN_UNUSED_VARIABLE = YES;
				IPHONEOS_DEPLOYMENT_TARGET = 12.4;
				MTL_ENABLE_DEBUG_INFO = INCLUDE_SOURCE;
				MTL_FAST_MATH = YES;
				ONLY_ACTIVE_ARCH = YES;
				SDKROOT = iphoneos;
				SWIFT_ACTIVE_COMPILATION_CONDITIONS = DEBUG;
				SWIFT_OPTIMIZATION_LEVEL = "-Onone";
			};
			name = Debug;
		};
		325A6A7F235617A100FF2B08 /* Release */ = {
			isa = XCBuildConfiguration;
			buildSettings = {
				ALWAYS_SEARCH_USER_PATHS = NO;
				CLANG_ANALYZER_NONNULL = YES;
				CLANG_ANALYZER_NUMBER_OBJECT_CONVERSION = YES_AGGRESSIVE;
				CLANG_CXX_LANGUAGE_STANDARD = "gnu++14";
				CLANG_CXX_LIBRARY = "libc++";
				CLANG_ENABLE_MODULES = YES;
				CLANG_ENABLE_OBJC_ARC = YES;
				CLANG_ENABLE_OBJC_WEAK = YES;
				CLANG_WARN_BLOCK_CAPTURE_AUTORELEASING = YES;
				CLANG_WARN_BOOL_CONVERSION = YES;
				CLANG_WARN_COMMA = YES;
				CLANG_WARN_CONSTANT_CONVERSION = YES;
				CLANG_WARN_DEPRECATED_OBJC_IMPLEMENTATIONS = YES;
				CLANG_WARN_DIRECT_OBJC_ISA_USAGE = YES_ERROR;
				CLANG_WARN_DOCUMENTATION_COMMENTS = YES;
				CLANG_WARN_EMPTY_BODY = YES;
				CLANG_WARN_ENUM_CONVERSION = YES;
				CLANG_WARN_INFINITE_RECURSION = YES;
				CLANG_WARN_INT_CONVERSION = YES;
				CLANG_WARN_NON_LITERAL_NULL_CONVERSION = YES;
				CLANG_WARN_OBJC_IMPLICIT_RETAIN_SELF = YES;
				CLANG_WARN_OBJC_LITERAL_CONVERSION = YES;
				CLANG_WARN_OBJC_ROOT_CLASS = YES_ERROR;
				CLANG_WARN_RANGE_LOOP_ANALYSIS = YES;
				CLANG_WARN_STRICT_PROTOTYPES = YES;
				CLANG_WARN_SUSPICIOUS_MOVE = YES;
				CLANG_WARN_UNGUARDED_AVAILABILITY = YES_AGGRESSIVE;
				CLANG_WARN_UNREACHABLE_CODE = YES;
				CLANG_WARN__DUPLICATE_METHOD_MATCH = YES;
				CODE_SIGN_IDENTITY = "iPhone Developer";
				COPY_PHASE_STRIP = NO;
				DEBUG_INFORMATION_FORMAT = "dwarf-with-dsym";
				ENABLE_NS_ASSERTIONS = NO;
				ENABLE_STRICT_OBJC_MSGSEND = YES;
				GCC_C_LANGUAGE_STANDARD = gnu11;
				GCC_NO_COMMON_BLOCKS = YES;
				GCC_WARN_64_TO_32_BIT_CONVERSION = YES;
				GCC_WARN_ABOUT_RETURN_TYPE = YES_ERROR;
				GCC_WARN_UNDECLARED_SELECTOR = YES;
				GCC_WARN_UNINITIALIZED_AUTOS = YES_AGGRESSIVE;
				GCC_WARN_UNUSED_FUNCTION = YES;
				GCC_WARN_UNUSED_VARIABLE = YES;
				IPHONEOS_DEPLOYMENT_TARGET = 12.4;
				MTL_ENABLE_DEBUG_INFO = NO;
				MTL_FAST_MATH = YES;
				SDKROOT = iphoneos;
				SWIFT_COMPILATION_MODE = wholemodule;
				SWIFT_OPTIMIZATION_LEVEL = "-O";
				VALIDATE_PRODUCT = YES;
			};
			name = Release;
		};
		325A6A81235617A100FF2B08 /* Debug */ = {
			isa = XCBuildConfiguration;
			baseConfigurationReference = C6725CFF19C01F35EFC7CD5E /* Pods-ServiceRequest.debug.xcconfig */;
			buildSettings = {
				ASSETCATALOG_COMPILER_APPICON_NAME = AppIcon;
				CODE_SIGN_STYLE = Automatic;
				INFOPLIST_FILE = ServiceRequest/Info.plist;
				LD_RUNPATH_SEARCH_PATHS = (
					"$(inherited)",
					"@executable_path/Frameworks",
				);
				PRODUCT_BUNDLE_IDENTIFIER = cs201.ServiceRequest;
				PRODUCT_NAME = "Service Request";
				SWIFT_VERSION = 5.0;
				TARGETED_DEVICE_FAMILY = "1,2";
			};
			name = Debug;
		};
		325A6A82235617A100FF2B08 /* Release */ = {
			isa = XCBuildConfiguration;
			baseConfigurationReference = 5030FBE00E1142DBC8B020CE /* Pods-ServiceRequest.release.xcconfig */;
			buildSettings = {
				ASSETCATALOG_COMPILER_APPICON_NAME = AppIcon;
				CODE_SIGN_STYLE = Automatic;
				INFOPLIST_FILE = ServiceRequest/Info.plist;
				LD_RUNPATH_SEARCH_PATHS = (
					"$(inherited)",
					"@executable_path/Frameworks",
				);
				PRODUCT_BUNDLE_IDENTIFIER = cs201.ServiceRequest;
				PRODUCT_NAME = "Service Request";
				SWIFT_VERSION = 5.0;
				TARGETED_DEVICE_FAMILY = "1,2";
			};
			name = Release;
		};
		325A6A84235617A100FF2B08 /* Debug */ = {
			isa = XCBuildConfiguration;
			baseConfigurationReference = 296AE2B4E44CBF5B180B0864 /* Pods-ServiceRequestTests.debug.xcconfig */;
			buildSettings = {
				ALWAYS_EMBED_SWIFT_STANDARD_LIBRARIES = YES;
				BUNDLE_LOADER = "$(TEST_HOST)";
				CODE_SIGN_STYLE = Automatic;
				INFOPLIST_FILE = ServiceRequestTests/Info.plist;
				LD_RUNPATH_SEARCH_PATHS = (
					"$(inherited)",
					"@executable_path/Frameworks",
					"@loader_path/Frameworks",
				);
				PRODUCT_BUNDLE_IDENTIFIER = cs201.ServiceRequestTests;
				PRODUCT_NAME = "$(TARGET_NAME)";
				SWIFT_VERSION = 5.0;
				TARGETED_DEVICE_FAMILY = "1,2";
				TEST_HOST = "$(BUILT_PRODUCTS_DIR)/ServiceRequest.app/ServiceRequest";
			};
			name = Debug;
		};
		325A6A85235617A100FF2B08 /* Release */ = {
			isa = XCBuildConfiguration;
			baseConfigurationReference = 286CC389CFEDAC8C17AA610B /* Pods-ServiceRequestTests.release.xcconfig */;
			buildSettings = {
				ALWAYS_EMBED_SWIFT_STANDARD_LIBRARIES = YES;
				BUNDLE_LOADER = "$(TEST_HOST)";
				CODE_SIGN_STYLE = Automatic;
				INFOPLIST_FILE = ServiceRequestTests/Info.plist;
				LD_RUNPATH_SEARCH_PATHS = (
					"$(inherited)",
					"@executable_path/Frameworks",
					"@loader_path/Frameworks",
				);
				PRODUCT_BUNDLE_IDENTIFIER = cs201.ServiceRequestTests;
				PRODUCT_NAME = "$(TARGET_NAME)";
				SWIFT_VERSION = 5.0;
				TARGETED_DEVICE_FAMILY = "1,2";
				TEST_HOST = "$(BUILT_PRODUCTS_DIR)/ServiceRequest.app/ServiceRequest";
			};
			name = Release;
		};
		325A6A87235617A100FF2B08 /* Debug */ = {
			isa = XCBuildConfiguration;
			baseConfigurationReference = AFDD17DD5665E05A0E14885A /* Pods-ServiceRequestUITests.debug.xcconfig */;
			buildSettings = {
				ALWAYS_EMBED_SWIFT_STANDARD_LIBRARIES = YES;
				CODE_SIGN_STYLE = Automatic;
				INFOPLIST_FILE = ServiceRequestUITests/Info.plist;
				LD_RUNPATH_SEARCH_PATHS = (
					"$(inherited)",
					"@executable_path/Frameworks",
					"@loader_path/Frameworks",
				);
				PRODUCT_BUNDLE_IDENTIFIER = cs201.ServiceRequestUITests;
				PRODUCT_NAME = "$(TARGET_NAME)";
				SWIFT_VERSION = 5.0;
				TARGETED_DEVICE_FAMILY = "1,2";
				TEST_TARGET_NAME = ServiceRequest;
			};
			name = Debug;
		};
		325A6A88235617A100FF2B08 /* Release */ = {
			isa = XCBuildConfiguration;
			baseConfigurationReference = 98D210C0CE1C12122074EFF6 /* Pods-ServiceRequestUITests.release.xcconfig */;
			buildSettings = {
				ALWAYS_EMBED_SWIFT_STANDARD_LIBRARIES = YES;
				CODE_SIGN_STYLE = Automatic;
				INFOPLIST_FILE = ServiceRequestUITests/Info.plist;
				LD_RUNPATH_SEARCH_PATHS = (
					"$(inherited)",
					"@executable_path/Frameworks",
					"@loader_path/Frameworks",
				);
				PRODUCT_BUNDLE_IDENTIFIER = cs201.ServiceRequestUITests;
				PRODUCT_NAME = "$(TARGET_NAME)";
				SWIFT_VERSION = 5.0;
				TARGETED_DEVICE_FAMILY = "1,2";
				TEST_TARGET_NAME = ServiceRequest;
			};
			name = Release;
		};
/* End XCBuildConfiguration section */

/* Begin XCConfigurationList section */
		325A6A512356179F00FF2B08 /* Build configuration list for PBXProject "ServiceRequest" */ = {
			isa = XCConfigurationList;
			buildConfigurations = (
				325A6A7E235617A100FF2B08 /* Debug */,
				325A6A7F235617A100FF2B08 /* Release */,
			);
			defaultConfigurationIsVisible = 0;
			defaultConfigurationName = Release;
		};
		325A6A80235617A100FF2B08 /* Build configuration list for PBXNativeTarget "ServiceRequest" */ = {
			isa = XCConfigurationList;
			buildConfigurations = (
				325A6A81235617A100FF2B08 /* Debug */,
				325A6A82235617A100FF2B08 /* Release */,
			);
			defaultConfigurationIsVisible = 0;
			defaultConfigurationName = Release;
		};
		325A6A83235617A100FF2B08 /* Build configuration list for PBXNativeTarget "ServiceRequestTests" */ = {
			isa = XCConfigurationList;
			buildConfigurations = (
				325A6A84235617A100FF2B08 /* Debug */,
				325A6A85235617A100FF2B08 /* Release */,
			);
			defaultConfigurationIsVisible = 0;
			defaultConfigurationName = Release;
		};
		325A6A86235617A100FF2B08 /* Build configuration list for PBXNativeTarget "ServiceRequestUITests" */ = {
			isa = XCConfigurationList;
			buildConfigurations = (
				325A6A87235617A100FF2B08 /* Debug */,
				325A6A88235617A100FF2B08 /* Release */,
			);
			defaultConfigurationIsVisible = 0;
			defaultConfigurationName = Release;
		};
/* End XCConfigurationList section */
	};
	rootObject = 325A6A4E2356179F00FF2B08 /* Project object */;
}
